
Microsoft Visual Studio Solution File, Format Version 12.00
# Visual Studio Version 16
VisualStudioVersion = 16.0.31911.196
MinimumVisualStudioVersion = 10.0.40219.1
Project("{FAE04EC0-301F-11D3-BF4B-00C04F79EFBC}") = "DeleteTheFirstLetterInWords", "DeleteTheFirstLetterInWords.csproj", "{F5BF2AE7-5C0B-4F82-9572-2BE3096252B9}"
EndProject
Global
	GlobalSection(SolutionConfigurationPlatforms) = preSolution
		Debug|Any CPU = Debug|Any CPU
		Release|Any CPU = Release|Any CPU
	EndGlobalSection
	GlobalSection(ProjectConfigurationPlatforms) = postSolution
		{F5BF2AE7-5C0B-4F82-9572-2BE3096252B9}.Debug|Any CPU.ActiveCfg = Debug|Any CPU
		{F5BF2AE7-5C0B-4F82-9572-2BE3096252B9}.Debug|Any CPU.Build.0 = Debug|Any CPU
		{F5BF2AE7-5C0B-4F82-9572-2BE3096252B9}.Release|Any CPU.ActiveCfg = Release|Any CPU
		{F5BF2AE7-5C0B-4F82-9572-2BE3096252B9}.Release|Any CPU.Build.0 = Release|Any CPU
	EndGlobalSection
	GlobalSection(SolutionProperties) = preSolution
		HideSolutionNode = FALSE
	EndGlobalSection
	GlobalSection(ExtensibilityGlobals) = postSolution
		SolutionGuid = {9C3CC69B-A39C-4F3A-9973-38F22790B7D4}
	EndGlobalSection
EndGlobal
